
Microsoft Visual Studio Solution File, Format Version 12.00
# Visual Studio Version 17
VisualStudioVersion = 17.8.34330.188
MinimumVisualStudioVersion = 10.0.40219.1
Project("{8BC9CEB8-8B4A-11D0-8D11-00A0C91BC942}") = "AlgoritmStrassena", "Project20\Project20.vcxproj", "{ECE65DAC-14A2-4C55-8A0C-15FF908B44F2}"
EndProject
Project("{8BC9CEB8-8B4A-11D0-8D11-00A0C91BC942}") = "UnitTest1", "UnitTest1\UnitTest1.vcxproj", "{5016493C-0E09-4708-A457-8F40958F9F66}"
EndProject
Global
	GlobalSection(SolutionConfigurationPlatforms) = preSolution
		Debug|x64 = Debug|x64
		Debug|x86 = Debug|x86
		Release|x64 = Release|x64
		Release|x86 = Release|x86
	EndGlobalSection
	GlobalSection(ProjectConfigurationPlatforms) = postSolution
		{ECE65DAC-14A2-4C55-8A0C-15FF908B44F2}.Debug|x64.ActiveCfg = Debug|x64
		{ECE65DAC-14A2-4C55-8A0C-15FF908B44F2}.Debug|x64.Build.0 = Debug|x64
		{ECE65DAC-14A2-4C55-8A0C-15FF908B44F2}.Debug|x86.ActiveCfg = Debug|Win32
		{ECE65DAC-14A2-4C55-8A0C-15FF908B44F2}.Debug|x86.Build.0 = Debug|Win32
		{ECE65DAC-14A2-4C55-8A0C-15FF908B44F2}.Release|x64.ActiveCfg = Release|x64
		{ECE65DAC-14A2-4C55-8A0C-15FF908B44F2}.Release|x64.Build.0 = Release|x64
		{ECE65DAC-14A2-4C55-8A0C-15FF908B44F2}.Release|x86.ActiveCfg = Release|Win32
		{ECE65DAC-14A2-4C55-8A0C-15FF908B44F2}.Release|x86.Build.0 = Release|Win32
		{5016493C-0E09-4708-A457-8F40958F9F66}.Debug|x64.ActiveCfg = Debug|x64
		{5016493C-0E09-4708-A457-8F40958F9F66}.Debug|x64.Build.0 = Debug|x64
		{5016493C-0E09-4708-A457-8F40958F9F66}.Debug|x86.ActiveCfg = Debug|Win32
		{5016493C-0E09-4708-A457-8F40958F9F66}.Debug|x86.Build.0 = Debug|Win32
		{5016493C-0E09-4708-A457-8F40958F9F66}.Release|x64.ActiveCfg = Release|x64
		{5016493C-0E09-4708-A457-8F40958F9F66}.Release|x64.Build.0 = Release|x64
		{5016493C-0E09-4708-A457-8F40958F9F66}.Release|x86.ActiveCfg = Release|Win32
		{5016493C-0E09-4708-A457-8F40958F9F66}.Release|x86.Build.0 = Release|Win32
	EndGlobalSection
	GlobalSection(SolutionProperties) = preSolution
		HideSolutionNode = FALSE
	EndGlobalSection
	GlobalSection(ExtensibilityGlobals) = postSolution
		SolutionGuid = {A74B3609-73E2-4F62-94F2-FCA87E76018F}
	EndGlobalSection
EndGlobal
